<Solution>
  <Folder Name="/src/">
    <Project Path="src/Enigma.Icons/Enigma.Icons.csproj" />
  </Folder>
  <Folder Name="/tests/">
    <Project Path="tests/Enigma.Icons.UnitTests/Enigma.Icons.UnitTests.csproj" />
  </Folder>
  <Folder Name="/samples/" />
  <Folder Name="/tools/">
    <Project Path="tools/Enigma.Icons.Generator/Enigma.Icons.Generator.csproj" />
  </Folder>
</Solution>
